
Microsoft Visual Studio Solution File, Format Version 12.00
# Visual Studio Version 17
VisualStudioVersion = 17.3.32901.215
MinimumVisualStudioVersion = 10.0.40219.1
Project("{FAE04EC0-301F-11D3-BF4B-00C04F79EFBC}") = "KSPAssg", "KSPAssg.csproj", "{A6C17F15-1266-4B2D-8E3A-8BD8896CA2E6}"
EndProject
Global
	GlobalSection(SolutionConfigurationPlatforms) = preSolution
		Debug|Any CPU = Debug|Any CPU
		Release|Any CPU = Release|Any CPU
	EndGlobalSection
	GlobalSection(ProjectConfigurationPlatforms) = postSolution
		{A6C17F15-1266-4B2D-8E3A-8BD8896CA2E6}.Debug|Any CPU.ActiveCfg = Debug|Any CPU
		{A6C17F15-1266-4B2D-8E3A-8BD8896CA2E6}.Debug|Any CPU.Build.0 = Debug|Any CPU
		{A6C17F15-1266-4B2D-8E3A-8BD8896CA2E6}.Release|Any CPU.ActiveCfg = Release|Any CPU
		{A6C17F15-1266-4B2D-8E3A-8BD8896CA2E6}.Release|Any CPU.Build.0 = Release|Any CPU
	EndGlobalSection
	GlobalSection(SolutionProperties) = preSolution
		HideSolutionNode = FALSE
	EndGlobalSection
	GlobalSection(ExtensibilityGlobals) = postSolution
		SolutionGuid = {34D431C2-4710-4441-9815-BF3C90E81F5A}
	EndGlobalSection
EndGlobal
